
Microsoft Visual Studio Solution File, Format Version 12.00
# Visual Studio Version 16
VisualStudioVersion = 16.0.33130.400
MinimumVisualStudioVersion = 10.0.40219.1
Project("{888888A0-9F3D-457C-B088-3A5042F75D52}") = "lab1", "lab1\lab1.pyproj", "{D63EB065-DF9B-4CEF-9401-EC2B9066E709}"
EndProject
Global
	GlobalSection(SolutionConfigurationPlatforms) = preSolution
		Debug|Any CPU = Debug|Any CPU
		Release|Any CPU = Release|Any CPU
	EndGlobalSection
	GlobalSection(ProjectConfigurationPlatforms) = postSolution
		{D63EB065-DF9B-4CEF-9401-EC2B9066E709}.Debug|Any CPU.ActiveCfg = Debug|Any CPU
		{D63EB065-DF9B-4CEF-9401-EC2B9066E709}.Release|Any CPU.ActiveCfg = Release|Any CPU
	EndGlobalSection
	GlobalSection(SolutionProperties) = preSolution
		HideSolutionNode = FALSE
	EndGlobalSection
	GlobalSection(ExtensibilityGlobals) = postSolution
		SolutionGuid = {F1F4FBF8-5437-44F3-B7C4-BE8B0D9ECCC4}
	EndGlobalSection
EndGlobal
